// !$*UTF8*$!
{
	archiveVersion = 1;
	classes = {
	};
	objectVersion = 48;
	objects = {

/* Begin PBXBuildFile section */
		3F13CFF35DD373E97F7DCC50 /* libPods-Category_Network.a in Frameworks */ = {isa = PBXBuildFile; fileRef = B0CBFC873AD06CE685F4E62C /* libPods-Category_Network.a */; };
		FD43E01C1F1741B9002AC077 /* AppDelegate.m in Sources */ = {isa = PBXBuildFile; fileRef = FD43E01B1F1741B9002AC077 /* AppDelegate.m */; };
		FD43E01F1F1741B9002AC077 /* ViewController.m in Sources */ = {isa = PBXBuildFile; fileRef = FD43E01E1F1741B9002AC077 /* ViewController.m */; };
		FD43E0221F1741B9002AC077 /* Main.storyboard in Resources */ = {isa = PBXBuildFile; fileRef = FD43E0201F1741B9002AC077 /* Main.storyboard */; };
		FD43E0241F1741B9002AC077 /* Assets.xcassets in Resources */ = {isa = PBXBuildFile; fileRef = FD43E0231F1741B9002AC077 /* Assets.xcassets */; };
		FD43E0271F1741B9002AC077 /* LaunchScreen.storyboard in Resources */ = {isa = PBXBuildFile; fileRef = FD43E0251F1741B9002AC077 /* LaunchScreen.storyboard */; };
		FD43E02A1F1741B9002AC077 /* main.m in Sources */ = {isa = PBXBuildFile; fileRef = FD43E0291F1741B9002AC077 /* main.m */; };
		FD43E0341F1741B9002AC077 /* Category_NetworkUITests.m in Sources */ = {isa = PBXBuildFile; fileRef = FD43E0331F1741B9002AC077 /* Category_NetworkUITests.m */; };
		FD8D60D61F174355006E03B0 /* CTMediator+Network.m in Sources */ = {isa = PBXBuildFile; fileRef = FD8D60D51F174355006E03B0 /* CTMediator+Network.m */; };
/* End PBXBuildFile section */

/* Begin PBXContainerItemProxy section */
		FD43E0301F1741B9002AC077 /* PBXContainerItemProxy */ = {
			isa = PBXContainerItemProxy;
			containerPortal = FD43E00F1F1741B9002AC077 /* Project object */;
			proxyType = 1;
			remoteGlobalIDString = FD43E0161F1741B9002AC077;
			remoteInfo = Category_Network;
		};
/* End PBXContainerItemProxy section */

/* Begin PBXFileReference section */
		2FA59A6CF924E9358F0CEEEC /* Pods-Category_Network.debug.xcconfig */ = {isa = PBXFileReference; includeInIndex = 1; lastKnownFileType = text.xcconfig; name = "Pods-Category_Network.debug.xcconfig"; path = "Pods/Target Support Files/Pods-Category_Network/Pods-Category_Network.debug.xcconfig"; sourceTree = "<group>"; };
		B0CBFC873AD06CE685F4E62C /* libPods-Category_Network.a */ = {isa = PBXFileReference; explicitFileType = archive.ar; includeInIndex = 0; path = "libPods-Category_Network.a"; sourceTree = BUILT_PRODUCTS_DIR; };
		F523AD18D7037D8844FE27CE /* Pods-Category_Network.release.xcconfig */ = {isa = PBXFileReference; includeInIndex = 1; lastKnownFileType = text.xcconfig; name = "Pods-Category_Network.release.xcconfig"; path = "Pods/Target Support Files/Pods-Category_Network/Pods-Category_Network.release.xcconfig"; sourceTree = "<group>"; };
		FD43E0171F1741B9002AC077 /* Category_Network.app */ = {isa = PBXFileReference; explicitFileType = wrapper.application; includeInIndex = 0; path = Category_Network.app; sourceTree = BUILT_PRODUCTS_DIR; };
		FD43E01A1F1741B9002AC077 /* AppDelegate.h */ = {isa = PBXFileReference; lastKnownFileType = sourcecode.c.h; path = AppDelegate.h; sourceTree = "<group>"; };
		FD43E01B1F1741B9002AC077 /* AppDelegate.m */ = {isa = PBXFileReference; lastKnownFileType = sourcecode.c.objc; path = AppDelegate.m; sourceTree = "<group>"; };
		FD43E01D1F1741B9002AC077 /* ViewController.h */ = {isa = PBXFileReference; lastKnownFileType = sourcecode.c.h; path = ViewController.h; sourceTree = "<group>"; };
		FD43E01E1F1741B9002AC077 /* ViewController.m */ = {isa = PBXFileReference; lastKnownFileType = sourcecode.c.objc; path = ViewController.m; sourceTree = "<group>"; };
		FD43E0211F1741B9002AC077 /* Base */ = {isa = PBXFileReference; lastKnownFileType = file.storyboard; name = Base; path = Base.lproj/Main.storyboard; sourceTree = "<group>"; };
		FD43E0231F1741B9002AC077 /* Assets.xcassets */ = {isa = PBXFileReference; lastKnownFileType = folder.assetcatalog; path = Assets.xcassets; sourceTree = "<group>"; };
		FD43E0261F1741B9002AC077 /* Base */ = {isa = PBXFileReference; lastKnownFileType = file.storyboard; name = Base; path = Base.lproj/LaunchScreen.storyboard; sourceTree = "<group>"; };
		FD43E0281F1741B9002AC077 /* Info.plist */ = {isa = PBXFileReference; lastKnownFileType = text.plist.xml; path = Info.plist; sourceTree = "<group>"; };
		FD43E0291F1741B9002AC077 /* main.m */ = {isa = PBXFileReference; lastKnownFileType = sourcecode.c.objc; path = main.m; sourceTree = "<group>"; };
		FD43E02F1F1741B9002AC077 /* Category_NetworkUITests.xctest */ = {isa = PBXFileReference; explicitFileType = wrapper.cfbundle; includeInIndex = 0; path = Category_NetworkUITests.xctest; sourceTree = BUILT_PRODUCTS_DIR; };
		FD43E0331F1741B9002AC077 /* Category_NetworkUITests.m */ = {isa = PBXFileReference; lastKnownFileType = sourcecode.c.objc; path = Category_NetworkUITests.m; sourceTree = "<group>"; };
		FD43E0351F1741B9002AC077 /* Info.plist */ = {isa = PBXFileReference; lastKnownFileType = text.plist.xml; path = Info.plist; sourceTree = "<group>"; };
		FD8D60D41F174355006E03B0 /* CTMediator+Network.h */ = {isa = PBXFileReference; lastKnownFileType = sourcecode.c.h; path = "CTMediator+Network.h"; sourceTree = "<group>"; };
		FD8D60D51F174355006E03B0 /* CTMediator+Network.m */ = {isa = PBXFileReference; lastKnownFileType = sourcecode.c.objc; path = "CTMediator+Network.m"; sourceTree = "<group>"; };
/* End PBXFileReference section */

/* Begin PBXFrameworksBuildPhase section */
		FD43E0141F1741B9002AC077 /* Frameworks */ = {
			isa = PBXFrameworksBuildPhase;
			buildActionMask = 2147483647;
			files = (
				3F13CFF35DD373E97F7DCC50 /* libPods-Category_Network.a in Frameworks */,
			);
			runOnlyForDeploymentPostprocessing = 0;
		};
		FD43E02C1F1741B9002AC077 /* Frameworks */ = {
			isa = PBXFrameworksBuildPhase;
			buildActionMask = 2147483647;
			files = (
			);
			runOnlyForDeploymentPostprocessing = 0;
		};
/* End PBXFrameworksBuildPhase section */

/* Begin PBXGroup section */
		90BAEF0A5D55676C01A30772 /* Frameworks */ = {
			isa = PBXGroup;
			children = (
				B0CBFC873AD06CE685F4E62C /* libPods-Category_Network.a */,
			);
			name = Frameworks;
			sourceTree = "<group>";
		};
		B2A4634D3F004F7FF9EE3884 /* Pods */ = {
			isa = PBXGroup;
			children = (
				2FA59A6CF924E9358F0CEEEC /* Pods-Category_Network.debug.xcconfig */,
				F523AD18D7037D8844FE27CE /* Pods-Category_Network.release.xcconfig */,
			);
			name = Pods;
			sourceTree = "<group>";
		};
		FD43E00E1F1741B9002AC077 = {
			isa = PBXGroup;
			children = (
				FD43E0191F1741B9002AC077 /* Category_Network */,
				FD43E0321F1741B9002AC077 /* Category_NetworkUITests */,
				FD43E0181F1741B9002AC077 /* Products */,
				B2A4634D3F004F7FF9EE3884 /* Pods */,
				90BAEF0A5D55676C01A30772 /* Frameworks */,
			);
			sourceTree = "<group>";
		};
		FD43E0181F1741B9002AC077 /* Products */ = {
			isa = PBXGroup;
			children = (
				FD43E0171F1741B9002AC077 /* Category_Network.app */,
				FD43E02F1F1741B9002AC077 /* Category_NetworkUITests.xctest */,
			);
			name = Products;
			sourceTree = "<group>";
		};
		FD43E0191F1741B9002AC077 /* Category_Network */ = {
			isa = PBXGroup;
			children = (
				FD8D60D31F174340006E03B0 /* Category_Network */,
				FD43E01A1F1741B9002AC077 /* AppDelegate.h */,
				FD43E01B1F1741B9002AC077 /* AppDelegate.m */,
				FD43E01D1F1741B9002AC077 /* ViewController.h */,
				FD43E01E1F1741B9002AC077 /* ViewController.m */,
				FD43E0201F1741B9002AC077 /* Main.storyboard */,
				FD43E0231F1741B9002AC077 /* Assets.xcassets */,
				FD43E0251F1741B9002AC077 /* LaunchScreen.storyboard */,
				FD43E0281F1741B9002AC077 /* Info.plist */,
				FD43E0291F1741B9002AC077 /* main.m */,
			);
			path = Category_Network;
			sourceTree = "<group>";
		};
		FD43E0321F1741B9002AC077 /* Category_NetworkUITests */ = {
			isa = PBXGroup;
			children = (
				FD43E0331F1741B9002AC077 /* Category_NetworkUITests.m */,
				FD43E0351F1741B9002AC077 /* Info.plist */,
			);
			path = Category_NetworkUITests;
			sourceTree = "<group>";
		};
		FD8D60D31F174340006E03B0 /* Category_Network */ = {
			isa = PBXGroup;
			children = (
				FD8D60D41F174355006E03B0 /* CTMediator+Network.h */,
				FD8D60D51F174355006E03B0 /* CTMediator+Network.m */,
			);
			path = Category_Network;
			sourceTree = "<group>";
		};
/* End PBXGroup section */

/* Begin PBXNativeTarget section */
		FD43E0161F1741B9002AC077 /* Category_Network */ = {
			isa = PBXNativeTarget;
			buildConfigurationList = FD43E0381F1741B9002AC077 /* Build configuration list for PBXNativeTarget "Category_Network" */;
			buildPhases = (
				2CD9F80D9C08213CAB91FC1D /* [CP] Check Pods Manifest.lock */,
				FD43E0131F1741B9002AC077 /* Sources */,
				FD43E0141F1741B9002AC077 /* Frameworks */,
				FD43E0151F1741B9002AC077 /* Resources */,
				19377856541B0E18BC21560F /* [CP] Embed Pods Frameworks */,
				63BE5C1F88698ED0A756D76A /* [CP] Copy Pods Resources */,
			);
			buildRules = (
			);
			dependencies = (
			);
			name = Category_Network;
			productName = Category_Network;
			productReference = FD43E0171F1741B9002AC077 /* Category_Network.app */;
			productType = "com.apple.product-type.application";
		};
		FD43E02E1F1741B9002AC077 /* Category_NetworkUITests */ = {
			isa = PBXNativeTarget;
			buildConfigurationList = FD43E03B1F1741B9002AC077 /* Build configuration list for PBXNativeTarget "Category_NetworkUITests" */;
			buildPhases = (
				FD43E02B1F1741B9002AC077 /* Sources */,
				FD43E02C1F1741B9002AC077 /* Frameworks */,
				FD43E02D1F1741B9002AC077 /* Resources */,
			);
			buildRules = (
			);
			dependencies = (
				FD43E0311F1741B9002AC077 /* PBXTargetDependency */,
			);
			name = Category_NetworkUITests;
			productName = Category_NetworkUITests;
			productReference = FD43E02F1F1741B9002AC077 /* Category_NetworkUITests.xctest */;
			productType = "com.apple.product-type.bundle.ui-testing";
		};
/* End PBXNativeTarget section */

/* Begin PBXProject section */
		FD43E00F1F1741B9002AC077 /* Project object */ = {
			isa = PBXProject;
			attributes = {
				LastUpgradeCheck = 0900;
				ORGANIZATIONNAME = WZYK;
				TargetAttributes = {
					FD43E0161F1741B9002AC077 = {
						CreatedOnToolsVersion = 9.0;
					};
					FD43E02E1F1741B9002AC077 = {
						CreatedOnToolsVersion = 9.0;
						TestTargetID = FD43E0161F1741B9002AC077;
					};
				};
			};
			buildConfigurationList = FD43E0121F1741B9002AC077 /* Build configuration list for PBXProject "Category_Network" */;
			compatibilityVersion = "Xcode 8.0";
			developmentRegion = en;
			hasScannedForEncodings = 0;
			knownRegions = (
				en,
				Base,
			);
			mainGroup = FD43E00E1F1741B9002AC077;
			productRefGroup = FD43E0181F1741B9002AC077 /* Products */;
			projectDirPath = "";
			projectRoot = "";
			targets = (
				FD43E0161F1741B9002AC077 /* Category_Network */,
				FD43E02E1F1741B9002AC077 /* Category_NetworkUITests */,
			);
		};
/* End PBXProject section */

/* Begin PBXResourcesBuildPhase section */
		FD43E0151F1741B9002AC077 /* Resources */ = {
			isa = PBXResourcesBuildPhase;
			buildActionMask = 2147483647;
			files = (
				FD43E0271F1741B9002AC077 /* LaunchScreen.storyboard in Resources */,
				FD43E0241F1741B9002AC077 /* Assets.xcassets in Resources */,
				FD43E0221F1741B9002AC077 /* Main.storyboard in Resources */,
			);
			runOnlyForDeploymentPostprocessing = 0;
		};
		FD43E02D1F1741B9002AC077 /* Resources */ = {
			isa = PBXResourcesBuildPhase;
			buildActionMask = 2147483647;
			files = (
			);
			runOnlyForDeploymentPostprocessing = 0;
		};
/* End PBXResourcesBuildPhase section */

/* Begin PBXShellScriptBuildPhase section */
		19377856541B0E18BC21560F /* [CP] Embed Pods Frameworks */ = {
			isa = PBXShellScriptBuildPhase;
			buildActionMask = 2147483647;
			files = (
			);
			inputPaths = (
			);
			name = "[CP] Embed Pods Frameworks";
			outputPaths = (
			);
			runOnlyForDeploymentPostprocessing = 0;
			shellPath = /bin/sh;
			shellScript = "\"${SRCROOT}/Pods/Target Support Files/Pods-Category_Network/Pods-Category_Network-frameworks.sh\"\n";
			showEnvVarsInLog = 0;
		};
		2CD9F80D9C08213CAB91FC1D /* [CP] Check Pods Manifest.lock */ = {
			isa = PBXShellScriptBuildPhase;
			buildActionMask = 2147483647;
			files = (
			);
			inputPaths = (
			);
			name = "[CP] Check Pods Manifest.lock";
			outputPaths = (
			);
			runOnlyForDeploymentPostprocessing = 0;
			shellPath = /bin/sh;
			shellScript = "diff \"${PODS_ROOT}/../Podfile.lock\" \"${PODS_ROOT}/Manifest.lock\" > /dev/null\nif [ $? != 0 ] ; then\n    # print error to STDERR\n    echo \"error: The sandbox is not in sync with the Podfile.lock. Run 'pod install' or update your CocoaPods installation.\" >&2\n    exit 1\nfi\n";
			showEnvVarsInLog = 0;
		};
		63BE5C1F88698ED0A756D76A /* [CP] Copy Pods Resources */ = {
			isa = PBXShellScriptBuildPhase;
			buildActionMask = 2147483647;
			files = (
			);
			inputPaths = (
			);
			name = "[CP] Copy Pods Resources";
			outputPaths = (
			);
			runOnlyForDeploymentPostprocessing = 0;
			shellPath = /bin/sh;
			shellScript = "\"${SRCROOT}/Pods/Target Support Files/Pods-Category_Network/Pods-Category_Network-resources.sh\"\n";
			showEnvVarsInLog = 0;
		};
/* End PBXShellScriptBuildPhase section */

/* Begin PBXSourcesBuildPhase section */
		FD43E0131F1741B9002AC077 /* Sources */ = {
			isa = PBXSourcesBuildPhase;
			buildActionMask = 2147483647;
			files = (
				FD8D60D61F174355006E03B0 /* CTMediator+Network.m in Sources */,
				FD43E01F1F1741B9002AC077 /* ViewController.m in Sources */,
				FD43E02A1F1741B9002AC077 /* main.m in Sources */,
				FD43E01C1F1741B9002AC077 /* AppDelegate.m in Sources */,
			);
			runOnlyForDeploymentPostprocessing = 0;
		};
		FD43E02B1F1741B9002AC077 /* Sources */ = {
			isa = PBXSourcesBuildPhase;
			buildActionMask = 2147483647;
			files = (
				FD43E0341F1741B9002AC077 /* Category_NetworkUITests.m in Sources */,
			);
			runOnlyForDeploymentPostprocessing = 0;
		};
/* End PBXSourcesBuildPhase section */

/* Begin PBXTargetDependency section */
		FD43E0311F1741B9002AC077 /* PBXTargetDependency */ = {
			isa = PBXTargetDependency;
			target = FD43E0161F1741B9002AC077 /* Category_Network */;
			targetProxy = FD43E0301F1741B9002AC077 /* PBXContainerItemProxy */;
		};
/* End PBXTargetDependency section */

/* Begin PBXVariantGroup section */
		FD43E0201F1741B9002AC077 /* Main.storyboard */ = {
			isa = PBXVariantGroup;
			children = (
				FD43E0211F1741B9002AC077 /* Base */,
			);
			name = Main.storyboard;
			sourceTree = "<group>";
		};
		FD43E0251F1741B9002AC077 /* LaunchScreen.storyboard */ = {
			isa = PBXVariantGroup;
			children = (
				FD43E0261F1741B9002AC077 /* Base */,
			);
			name = LaunchScreen.storyboard;
			sourceTree = "<group>";
		};
/* End PBXVariantGroup section */

/* Begin XCBuildConfiguration section */
		FD43E0361F1741B9002AC077 /* Debug */ = {
			isa = XCBuildConfiguration;
			buildSettings = {
				ALWAYS_SEARCH_USER_PATHS = NO;
				CLANG_ANALYZER_NONNULL = YES;
				CLANG_ANALYZER_NUMBER_OBJECT_CONVERSION = YES_AGGRESSIVE;
				CLANG_CXX_LANGUAGE_STANDARD = "gnu++14";
				CLANG_CXX_LIBRARY = "libc++";
				CLANG_ENABLE_MODULES = YES;
				CLANG_ENABLE_OBJC_ARC = YES;
				CLANG_WARN_BLOCK_CAPTURE_AUTORELEASING = YES;
				CLANG_WARN_BOOL_CONVERSION = YES;
				CLANG_WARN_COMMA = YES;
				CLANG_WARN_CONSTANT_CONVERSION = YES;
				CLANG_WARN_DIRECT_OBJC_ISA_USAGE = YES_ERROR;
				CLANG_WARN_DOCUMENTATION_COMMENTS = YES;
				CLANG_WARN_EMPTY_BODY = YES;
				CLANG_WARN_ENUM_CONVERSION = YES;
				CLANG_WARN_INFINITE_RECURSION = YES;
				CLANG_WARN_INT_CONVERSION = YES;
				CLANG_WARN_NON_LITERAL_NULL_CONVERSION = YES;
				CLANG_WARN_OBJC_LITERAL_CONVERSION = YES;
				CLANG_WARN_OBJC_ROOT_CLASS = YES_ERROR;
				CLANG_WARN_RANGE_LOOP_ANALYSIS = YES;
				CLANG_WARN_STRICT_PROTOTYPES = YES;
				CLANG_WARN_SUSPICIOUS_MOVE = YES;
				CLANG_WARN_UNGUARDED_AVAILABILITY = YES_AGGRESSIVE;
				CLANG_WARN_UNREACHABLE_CODE = YES;
				CLANG_WARN__DUPLICATE_METHOD_MATCH = YES;
				CODE_SIGN_IDENTITY = "iPhone Developer";
				COPY_PHASE_STRIP = NO;
				DEBUG_INFORMATION_FORMAT = dwarf;
				ENABLE_STRICT_OBJC_MSGSEND = YES;
				ENABLE_TESTABILITY = YES;
				GCC_C_LANGUAGE_STANDARD = gnu11;
				GCC_DYNAMIC_NO_PIC = NO;
				GCC_NO_COMMON_BLOCKS = YES;
				GCC_OPTIMIZATION_LEVEL = 0;
				GCC_PREPROCESSOR_DEFINITIONS = (
					"DEBUG=1",
					"$(inherited)",
				);
				GCC_WARN_64_TO_32_BIT_CONVERSION = YES;
				GCC_WARN_ABOUT_RETURN_TYPE = YES_ERROR;
				GCC_WARN_UNDECLARED_SELECTOR = YES;
				GCC_WARN_UNINITIALIZED_AUTOS = YES_AGGRESSIVE;
				GCC_WARN_UNUSED_FUNCTION = YES;
				GCC_WARN_UNUSED_VARIABLE = YES;
				IPHONEOS_DEPLOYMENT_TARGET = 11.0;
				MTL_ENABLE_DEBUG_INFO = YES;
				ONLY_ACTIVE_ARCH = YES;
				SDKROOT = iphoneos;
			};
			name = Debug;
		};
		FD43E0371F1741B9002AC077 /* Release */ = {
			isa = XCBuildConfiguration;
			buildSettings = {
				ALWAYS_SEARCH_USER_PATHS = NO;
				CLANG_ANALYZER_NONNULL = YES;
				CLANG_ANALYZER_NUMBER_OBJECT_CONVERSION = YES_AGGRESSIVE;
				CLANG_CXX_LANGUAGE_STANDARD = "gnu++14";
				CLANG_CXX_LIBRARY = "libc++";
				CLANG_ENABLE_MODULES = YES;
				CLANG_ENABLE_OBJC_ARC = YES;
				CLANG_WARN_BLOCK_CAPTURE_AUTORELEASING = YES;
				CLANG_WARN_BOOL_CONVERSION = YES;
				CLANG_WARN_COMMA = YES;
				CLANG_WARN_CONSTANT_CONVERSION = YES;
				CLANG_WARN_DIRECT_OBJC_ISA_USAGE = YES_ERROR;
				CLANG_WARN_DOCUMENTATION_COMMENTS = YES;
				CLANG_WARN_EMPTY_BODY = YES;
				CLANG_WARN_ENUM_CONVERSION = YES;
				CLANG_WARN_INFINITE_RECURSION = YES;
				CLANG_WARN_INT_CONVERSION = YES;
				CLANG_WARN_NON_LITERAL_NULL_CONVERSION = YES;
				CLANG_WARN_OBJC_LITERAL_CONVERSION = YES;
				CLANG_WARN_OBJC_ROOT_CLASS = YES_ERROR;
				CLANG_WARN_RANGE_LOOP_ANALYSIS = YES;
				CLANG_WARN_STRICT_PROTOTYPES = YES;
				CLANG_WARN_SUSPICIOUS_MOVE = YES;
				CLANG_WARN_UNGUARDED_AVAILABILITY = YES_AGGRESSIVE;
				CLANG_WARN_UNREACHABLE_CODE = YES;
				CLANG_WARN__DUPLICATE_METHOD_MATCH = YES;
				CODE_SIGN_IDENTITY = "iPhone Developer";
				COPY_PHASE_STRIP = NO;
				DEBUG_INFORMATION_FORMAT = "dwarf-with-dsym";
				ENABLE_NS_ASSERTIONS = NO;
				ENABLE_STRICT_OBJC_MSGSEND = YES;
				GCC_C_LANGUAGE_STANDARD = gnu11;
				GCC_NO_COMMON_BLOCKS = YES;
				GCC_WARN_64_TO_32_BIT_CONVERSION = YES;
				GCC_WARN_ABOUT_RETURN_TYPE = YES_ERROR;
				GCC_WARN_UNDECLARED_SELECTOR = YES;
				GCC_WARN_UNINITIALIZED_AUTOS = YES_AGGRESSIVE;
				GCC_WARN_UNUSED_FUNCTION = YES;
				GCC_WARN_UNUSED_VARIABLE = YES;
				IPHONEOS_DEPLOYMENT_TARGET = 11.0;
				MTL_ENABLE_DEBUG_INFO = NO;
				SDKROOT = iphoneos;
				VALIDATE_PRODUCT = YES;
			};
			name = Release;
		};
		FD43E0391F1741B9002AC077 /* Debug */ = {
			isa = XCBuildConfiguration;
			baseConfigurationReference = 2FA59A6CF924E9358F0CEEEC /* Pods-Category_Network.debug.xcconfig */;
			buildSettings = {
				ASSETCATALOG_COMPILER_APPICON_NAME = AppIcon;
				DEVELOPMENT_TEAM = 875PFMJ4Q8;
				INFOPLIST_FILE = Category_Network/Info.plist;
				LD_RUNPATH_SEARCH_PATHS = "$(inherited) @executable_path/Frameworks";
				PRODUCT_BUNDLE_IDENTIFIER = "com.fhfx.yycc.dxs.database.Category-Network";
				PRODUCT_NAME = "$(TARGET_NAME)";
				TARGETED_DEVICE_FAMILY = "1,2";
			};
			name = Debug;
		};
		FD43E03A1F1741B9002AC077 /* Release */ = {
			isa = XCBuildConfiguration;
			baseConfigurationReference = F523AD18D7037D8844FE27CE /* Pods-Category_Network.release.xcconfig */;
			buildSettings = {
				ASSETCATALOG_COMPILER_APPICON_NAME = AppIcon;
				DEVELOPMENT_TEAM = 875PFMJ4Q8;
				INFOPLIST_FILE = Category_Network/Info.plist;
				LD_RUNPATH_SEARCH_PATHS = "$(inherited) @executable_path/Frameworks";
				PRODUCT_BUNDLE_IDENTIFIER = "com.fhfx.yycc.dxs.database.Category-Network";
				PRODUCT_NAME = "$(TARGET_NAME)";
				TARGETED_DEVICE_FAMILY = "1,2";
			};
			name = Release;
		};
		FD43E03C1F1741B9002AC077 /* Debug */ = {
			isa = XCBuildConfiguration;
			buildSettings = {
				DEVELOPMENT_TEAM = 875PFMJ4Q8;
				INFOPLIST_FILE = Category_NetworkUITests/Info.plist;
				LD_RUNPATH_SEARCH_PATHS = "$(inherited) @executable_path/Frameworks @loader_path/Frameworks";
				PRODUCT_BUNDLE_IDENTIFIER = "com.fhfx.yycc.dxs.database.Category-NetworkUITests";
				PRODUCT_NAME = "$(TARGET_NAME)";
				TARGETED_DEVICE_FAMILY = "1,2";
				TEST_TARGET_NAME = Category_Network;
			};
			name = Debug;
		};
		FD43E03D1F1741B9002AC077 /* Release */ = {
			isa = XCBuildConfiguration;
			buildSettings = {
				DEVELOPMENT_TEAM = 875PFMJ4Q8;
				INFOPLIST_FILE = Category_NetworkUITests/Info.plist;
				LD_RUNPATH_SEARCH_PATHS = "$(inherited) @executable_path/Frameworks @loader_path/Frameworks";
				PRODUCT_BUNDLE_IDENTIFIER = "com.fhfx.yycc.dxs.database.Category-NetworkUITests";
				PRODUCT_NAME = "$(TARGET_NAME)";
				TARGETED_DEVICE_FAMILY = "1,2";
				TEST_TARGET_NAME = Category_Network;
			};
			name = Release;
		};
/* End XCBuildConfiguration section */

/* Begin XCConfigurationList section */
		FD43E0121F1741B9002AC077 /* Build configuration list for PBXProject "Category_Network" */ = {
			isa = XCConfigurationList;
			buildConfigurations = (
				FD43E0361F1741B9002AC077 /* Debug */,
				FD43E0371F1741B9002AC077 /* Release */,
			);
			defaultConfigurationIsVisible = 0;
			defaultConfigurationName = Release;
		};
		FD43E0381F1741B9002AC077 /* Build configuration list for PBXNativeTarget "Category_Network" */ = {
			isa = XCConfigurationList;
			buildConfigurations = (
				FD43E0391F1741B9002AC077 /* Debug */,
				FD43E03A1F1741B9002AC077 /* Release */,
			);
			defaultConfigurationIsVisible = 0;
			defaultConfigurationName = Release;
		};
		FD43E03B1F1741B9002AC077 /* Build configuration list for PBXNativeTarget "Category_NetworkUITests" */ = {
			isa = XCConfigurationList;
			buildConfigurations = (
				FD43E03C1F1741B9002AC077 /* Debug */,
				FD43E03D1F1741B9002AC077 /* Release */,
			);
			defaultConfigurationIsVisible = 0;
			defaultConfigurationName = Release;
		};
/* End XCConfigurationList section */
	};
	rootObject = FD43E00F1F1741B9002AC077 /* Project object */;
}
